
Microsoft Visual Studio Solution File, Format Version 12.00
# Visual Studio Version 17
VisualStudioVersion = 17.10.35122.118
MinimumVisualStudioVersion = 10.0.40219.1
Project("{9A19103F-16F7-4668-BE54-9A1E7A4F7556}") = "Pessoa.Api", "Pessoa.Api\Pessoa.Api.csproj", "{5453E84B-5BA3-4661-B3C4-82915FE504E2}"
EndProject
Project("{FAE04EC0-301F-11D3-BF4B-00C04F79EFBC}") = "Pessoa.Dominio", "Pessoa.Dominio\Pessoa.Dominio.csproj", "{706EE9C8-2D58-410A-9AB6-60AE39FB01DA}"
EndProject
Project("{FAE04EC0-301F-11D3-BF4B-00C04F79EFBC}") = "Pessoa.Servico", "Pessoa.Servico\Pessoa.Servico.csproj", "{F5B0A72D-01DE-44A7-88CF-724D4A68B0BA}"
EndProject
Global
	GlobalSection(SolutionConfigurationPlatforms) = preSolution
		Debug|Any CPU = Debug|Any CPU
		Release|Any CPU = Release|Any CPU
	EndGlobalSection
	GlobalSection(ProjectConfigurationPlatforms) = postSolution
		{5453E84B-5BA3-4661-B3C4-82915FE504E2}.Debug|Any CPU.ActiveCfg = Debug|Any CPU
		{5453E84B-5BA3-4661-B3C4-82915FE504E2}.Debug|Any CPU.Build.0 = Debug|Any CPU
		{5453E84B-5BA3-4661-B3C4-82915FE504E2}.Release|Any CPU.ActiveCfg = Release|Any CPU
		{5453E84B-5BA3-4661-B3C4-82915FE504E2}.Release|Any CPU.Build.0 = Release|Any CPU
		{706EE9C8-2D58-410A-9AB6-60AE39FB01DA}.Debug|Any CPU.ActiveCfg = Debug|Any CPU
		{706EE9C8-2D58-410A-9AB6-60AE39FB01DA}.Debug|Any CPU.Build.0 = Debug|Any CPU
		{706EE9C8-2D58-410A-9AB6-60AE39FB01DA}.Release|Any CPU.ActiveCfg = Release|Any CPU
		{706EE9C8-2D58-410A-9AB6-60AE39FB01DA}.Release|Any CPU.Build.0 = Release|Any CPU
		{F5B0A72D-01DE-44A7-88CF-724D4A68B0BA}.Debug|Any CPU.ActiveCfg = Debug|Any CPU
		{F5B0A72D-01DE-44A7-88CF-724D4A68B0BA}.Debug|Any CPU.Build.0 = Debug|Any CPU
		{F5B0A72D-01DE-44A7-88CF-724D4A68B0BA}.Release|Any CPU.ActiveCfg = Release|Any CPU
		{F5B0A72D-01DE-44A7-88CF-724D4A68B0BA}.Release|Any CPU.Build.0 = Release|Any CPU
	EndGlobalSection
	GlobalSection(SolutionProperties) = preSolution
		HideSolutionNode = FALSE
	EndGlobalSection
	GlobalSection(ExtensibilityGlobals) = postSolution
		SolutionGuid = {D08EF739-FE0D-4551-AD1D-A6F4CB76E208}
	EndGlobalSection
EndGlobal
